Microsoft Visual Studio Solution File, Format Version 12.00
# Visual Studio 2012
Project("{FAE04EC0-301F-11D3-BF4B-00C04F79EFBC}") = "NestedStaticClassCSharpBug", "NestedStaticClassCSharpBug.csproj", "{0F7E5519-E3AC-4876-B8F5-112CE064568F}"
EndProject
Global
	GlobalSection(SolutionConfigurationPlatforms) = preSolution
	Debug|Any CPU = Debug|Any CPU
	ExportDebug|Any CPU = ExportDebug|Any CPU
	ExportRelease|Any CPU = ExportRelease|Any CPU
	EndGlobalSection
	GlobalSection(ProjectConfigurationPlatforms) = postSolution
		{0F7E5519-E3AC-4876-B8F5-112CE064568F}.Debug|Any CPU.ActiveCfg = Debug|Any CPU
		{0F7E5519-E3AC-4876-B8F5-112CE064568F}.Debug|Any CPU.Build.0 = Debug|Any CPU
		{0F7E5519-E3AC-4876-B8F5-112CE064568F}.ExportDebug|Any CPU.ActiveCfg = ExportDebug|Any CPU
		{0F7E5519-E3AC-4876-B8F5-112CE064568F}.ExportDebug|Any CPU.Build.0 = ExportDebug|Any CPU
		{0F7E5519-E3AC-4876-B8F5-112CE064568F}.ExportRelease|Any CPU.ActiveCfg = ExportRelease|Any CPU
		{0F7E5519-E3AC-4876-B8F5-112CE064568F}.ExportRelease|Any CPU.Build.0 = ExportRelease|Any CPU
	EndGlobalSection
EndGlobal
